
Microsoft Visual Studio Solution File, Format Version 12.00
# Visual Studio 15
VisualStudioVersion = 15.0.28307.1321
MinimumVisualStudioVersion = 10.0.40219.1
Project("{8BC9CEB8-8B4A-11D0-8D11-00A0C91BC942}") = "SCLKernelDecoder", "SCLKernelDecoder\SCLKernelDecoder.vcxproj", "{D0E8E8CC-D3E2-4FE7-B7C3-BE1E89A447CD}"
EndProject
Global
	GlobalSection(SolutionConfigurationPlatforms) = preSolution
		Debug|x64 = Debug|x64
		Debug|x86 = Debug|x86
		Release|x64 = Release|x64
		Release|x86 = Release|x86
	EndGlobalSection
	GlobalSection(ProjectConfigurationPlatforms) = postSolution
		{D0E8E8CC-D3E2-4FE7-B7C3-BE1E89A447CD}.Debug|x64.ActiveCfg = Debug|x64
		{D0E8E8CC-D3E2-4FE7-B7C3-BE1E89A447CD}.Debug|x64.Build.0 = Debug|x64
		{D0E8E8CC-D3E2-4FE7-B7C3-BE1E89A447CD}.Debug|x86.ActiveCfg = Debug|Win32
		{D0E8E8CC-D3E2-4FE7-B7C3-BE1E89A447CD}.Debug|x86.Build.0 = Debug|Win32
		{D0E8E8CC-D3E2-4FE7-B7C3-BE1E89A447CD}.Release|x64.ActiveCfg = Release|x64
		{D0E8E8CC-D3E2-4FE7-B7C3-BE1E89A447CD}.Release|x64.Build.0 = Release|x64
		{D0E8E8CC-D3E2-4FE7-B7C3-BE1E89A447CD}.Release|x86.ActiveCfg = Release|Win32
		{D0E8E8CC-D3E2-4FE7-B7C3-BE1E89A447CD}.Release|x86.Build.0 = Release|Win32
	EndGlobalSection
	GlobalSection(SolutionProperties) = preSolution
		HideSolutionNode = FALSE
	EndGlobalSection
	GlobalSection(ExtensibilityGlobals) = postSolution
		SolutionGuid = {18BF4C58-40EA-4877-9449-883619DDAB58}
	EndGlobalSection
EndGlobal
