<?xml version="1.0" encoding="utf-8"?>
<Project ToolsVersion="4.0" xmlns="http://schemas.microsoft.com/developer/msbuild/2003">
  <ItemGroup>
    <Filter Include="Source Files">
      <UniqueIdentifier>{4FC737F1-C7A5-4376-A066-2A32D752A2FF}</UniqueIdentifier>
      <Extensions>cpp;c;cc;cxx;def;odl;idl;hpj;bat;asm;asmx</Extensions>
    </Filter>
    <Filter Include="Header Files">
      <UniqueIdentifier>{93995380-89BD-4b04-88EB-625FBE52EBFB}</UniqueIdentifier>
      <Extensions>h;hh;hpp;hxx;hm;inl;inc;ipp;xsd</Extensions>
    </Filter>
    <Filter Include="Resource Files">
      <UniqueIdentifier>{67DA6AB6-F800-4c08-8B7A-83BB121AAD01}</UniqueIdentifier>
      <Extensions>rc;ico;cur;bmp;dlg;rc2;rct;bin;rgs;gif;jpg;jpeg;jpe;resx;tiff;tif;png;wav;mfcribbon-ms</Extensions>
    </Filter>
    <Filter Include="Header Files\KernelProcessor">
      <UniqueIdentifier>{5beef6df-d414-4e09-9aed-fb5357688e1f}</UniqueIdentifier>
    </Filter>
    <Filter Include="Header Files\KernelProcessorFactory">
      <UniqueIdentifier>{bb80a15d-e1a0-4123-b098-a645a9c5e706}</UniqueIdentifier>
    </Filter>
    <Filter Include="Source Files\KernelProcessor">
      <UniqueIdentifier>{3437207b-2403-4fd6-86d2-51c1fd9a929c}</UniqueIdentifier>
    </Filter>
  </ItemGroup>
  <ItemGroup>
    <ClCompile Include="main.cpp">
      <Filter>Source Files</Filter>
    </ClCompile>
    <ClCompile Include="..\SRC\ListKernelDecoder.cpp">
      <Filter>Source Files</Filter>
    </ClCompile>
    <ClCompile Include="..\SRC\TVEngineKernel.cpp">
      <Filter>Source Files</Filter>
    </ClCompile>
    <ClCompile Include="..\SRC\Utils.cpp">
      <Filter>Source Files</Filter>
    </ClCompile>
    <ClCompile Include="..\SRC\TVMemoryEngine.cpp">
      <Filter>Source Files</Filter>
    </ClCompile>
    <ClCompile Include="..\SRC\misc.cpp">
      <Filter>Source Files</Filter>
    </ClCompile>
    <ClCompile Include="..\SRC\KernelProcessorTrofimiuk16_345.cpp">
      <Filter>Source Files\KernelProcessor</Filter>
    </ClCompile>
    <ClCompile Include="..\SRC\KernelProcessorTrofimiuk32_342.cpp">
      <Filter>Source Files\KernelProcessor</Filter>
    </ClCompile>
  </ItemGroup>
  <ItemGroup>
    <ClInclude Include="..\Include\TVEngineKernel.hpp">
      <Filter>Header Files</Filter>
    </ClInclude>
    <ClInclude Include="..\Include\TVMemoryEngine.hpp">
      <Filter>Header Files</Filter>
    </ClInclude>
    <ClInclude Include="..\Include\Utils.hpp">
      <Filter>Header Files</Filter>
    </ClInclude>
    <ClInclude Include="..\Include\ListKernelDecoder.hpp">
      <Filter>Header Files</Filter>
    </ClInclude>
    <ClInclude Include="..\Include\misc.hpp">
      <Filter>Header Files</Filter>
    </ClInclude>
    <ClInclude Include="..\Include\Stack.hpp">
      <Filter>Header Files</Filter>
    </ClInclude>
    <ClInclude Include="..\Include\KernelProcessor.hpp">
      <Filter>Header Files\KernelProcessor</Filter>
    </ClInclude>
    <ClInclude Include="..\Include\KernelProcessorTrofimiuk16_345.hpp">
      <Filter>Header Files\KernelProcessor</Filter>
    </ClInclude>
    <ClInclude Include="..\Include\KernelProcessorFactory.hpp">
      <Filter>Header Files\KernelProcessorFactory</Filter>
    </ClInclude>
    <ClInclude Include="..\Include\KernelProcessorFactoryTrofimiuk16_345.hpp">
      <Filter>Header Files\KernelProcessorFactory</Filter>
    </ClInclude>
    <ClInclude Include="..\Include\KernelProcessorTrofimiuk32_342.hpp">
      <Filter>Header Files\KernelProcessor</Filter>
    </ClInclude>
    <ClInclude Include="..\Include\KernelProcessorFactoryTrofimiuk32_342.hpp">
      <Filter>Header Files\KernelProcessorFactory</Filter>
    </ClInclude>
    <ClInclude Include="..\Include\KernelProcessorTrofimiuk32_342_CSE.hpp">
      <Filter>Header Files\KernelProcessor</Filter>
    </ClInclude>
  </ItemGroup>
</Project>